
Microsoft Visual Studio Solution File, Format Version 12.00
# Visual Studio Version 16
VisualStudioVersion = 16.0.28803.452
MinimumVisualStudioVersion = 10.0.40219.1
Project("{9A19103F-16F7-4668-BE54-9A1E7A4F7556}") = "Documnets", "Documnets.csproj", "{D2D6FA45-291C-40AA-BE06-B32AAC74D43B}"
EndProject
Global
	GlobalSection(SolutionConfigurationPlatforms) = preSolution
		Debug|Any CPU = Debug|Any CPU
		Release|Any CPU = Release|Any CPU
	EndGlobalSection
	GlobalSection(ProjectConfigurationPlatforms) = postSolution
		{D2D6FA45-291C-40AA-BE06-B32AAC74D43B}.Debug|Any CPU.ActiveCfg = Debug|Any CPU
		{D2D6FA45-291C-40AA-BE06-B32AAC74D43B}.Debug|Any CPU.Build.0 = Debug|Any CPU
		{D2D6FA45-291C-40AA-BE06-B32AAC74D43B}.Release|Any CPU.ActiveCfg = Release|Any CPU
		{D2D6FA45-291C-40AA-BE06-B32AAC74D43B}.Release|Any CPU.Build.0 = Release|Any CPU
	EndGlobalSection
	GlobalSection(SolutionProperties) = preSolution
		HideSolutionNode = FALSE
	EndGlobalSection
	GlobalSection(ExtensibilityGlobals) = postSolution
		SolutionGuid = {376FEFB2-A91C-4B69-9A1D-345BF0786A36}
	EndGlobalSection
EndGlobal
